<?xml version="1.0" encoding="utf-8"?>
<Project ToolsVersion="4.0" xmlns="http://schemas.microsoft.com/developer/msbuild/2003">
  <ItemGroup>
    <ClCompile Include="..\main.cpp" />
  </ItemGroup>
  <ItemGroup>
    <ClInclude Include="..\vec3.h" />
    <ClInclude Include="..\ray.h" />
    <ClInclude Include="..\scene_object.h" />
    <ClInclude Include="..\sphere.h" />
    <ClInclude Include="..\pcg.h" />
    <ClInclude Include="..\camera.h" />
    <ClInclude Include="..\work_queue.h" />
    <ClInclude Include="..\common.h" />
    <ClInclude Include="..\material.h" />
    <ClInclude Include="..\aabb.h" />
  </ItemGroup>
</Project>